github.com/btcsuite/btcd v0.23.4 h1:IzV6qqkfwbItOS/sg/aDfPDsjPP8twrCOE2R93hxMlQ=
github.com/btcsuite/btcd v0.23.4/go.mod h1:0QJIIN1wwIXF/3G/m87gIwGniDMDQqjVn4SZgnFpsYY=
github.com/btcsuite/btcd/chaincfg/chainhash v1.0.2 h1:KdUfX2zKommPRa+PD0sWZUyXe9w277ABlgELO7H04IM=
github.com/btcsuite/btcd/chaincfg/chainhash v1.0.2/go.mod h1:7SFka0XMvUgj3hfZtydOrQY2mwhPclbT2snogU7SQQc=
github.com/go-zeromq/goczmq/v4 v4.2.2 h1:HAJN+i+3NW55ijMJJhk7oWxHKXgAuSBkoFfvr8bYj4U=
github.com/go-zeromq/goczmq/v4 v4.2.2/go.mod h1:Sm/lxrfxP/Oxqs0tnHD6WAhwkWrx+S+1MRrKzcxoaYE=
github.com/go-zeromq/zmq4 v0.15.0 h1:SLqukpmLTx0JsLaOaCCjwy5eBdfJ+ouJX/677HoFbJM=
github.com/go-zeromq/zmq4 v0.15.0/go.mod h1:sD47DcXifeUFsVTB2ps8ijqTpEuTAlYgfuLoiWEXdCE=
github.com/lib/pq v1.10.9 h1:YXG7RB+JIjhP29X+OtkiDnYaXQwpS4JEWq7dtCCRUEw=
github.com/lib/pq v1.10.9/go.mod h1:AlVN5x4E4T544tWzH6hKfbfQvm3HdbOxrmggDNAPY9o=
golang.org/x/crypto v0.11.0 h1:6Ewdq3tDic1mg5xRO4milcWCfMVQhI4NkqWWvqejpuA=
golang.org/x/crypto v0.11.0/go.mod h1:xgJhtzW8F9jGdVFWZESrid1U1bjeNy4zgy5cRr/CIio=
golang.org/x/sync v0.0.0-20220601150217-0de741cfad7f h1:Ax0t5p6N38Ga0dThY21weqDEyz2oklo4IvDkpigvkD8=
golang.org/x/sync v0.0.0-20220601150217-0de741cfad7f/go.mod h1:RxMgew5VJxzue5/jJTE5uejpjVlOe/izrB70Jof72aM=
golang.org/x/sys v0.10.0 h1:SqMFp9UcQJZa+pmYuAKjd9xq1f0j5rLcDIk0mj4qAsA=
golang.org/x/sys v0.10.0/go.mod h1:oPkhp1MJrh7nUepCBck5+mAzfO9JrbApNNgaTdGDITg=
golang.org/x/text v0.11.0 h1:LAntKIrcmeSKERyiOh0XMV39LXS8IE9UL2yP7+f5ij4=
golang.org/x/text v0.11.0/go.mod h1:TvPlkZtksWOMsz7fbANvkp4WM8x/WCo/om8BMLbz+aE=
